
Microsoft Visual Studio Solution File, Format Version 12.00
Project("{FAE04EC0-301F-11D3-BF4B-00C04F79EFBC}") = "Todododododododo", "Todododododododo\Todododododododo.csproj", "{75286E61-1F86-4127-84B7-CD2A2EDBDDC0}"
EndProject
Global
	GlobalSection(SolutionConfigurationPlatforms) = preSolution
		Debug|Any CPU = Debug|Any CPU
		Release|Any CPU = Release|Any CPU
	EndGlobalSection
	GlobalSection(ProjectConfigurationPlatforms) = postSolution
		{75286E61-1F86-4127-84B7-CD2A2EDBDDC0}.Debug|Any CPU.ActiveCfg = Debug|Any CPU
		{75286E61-1F86-4127-84B7-CD2A2EDBDDC0}.Debug|Any CPU.Build.0 = Debug|Any CPU
		{75286E61-1F86-4127-84B7-CD2A2EDBDDC0}.Release|Any CPU.ActiveCfg = Release|Any CPU
		{75286E61-1F86-4127-84B7-CD2A2EDBDDC0}.Release|Any CPU.Build.0 = Release|Any CPU
	EndGlobalSection
EndGlobal
